{
  "object": {
    "pins": [
      {
        "package": "matrix-utils-swift",
        "repositoryURL": "https://github.com/heldersrvio/matrix-utils-swift.git",
        "state": {
          "branch": null,
          "revision": "b988c0d85fbab7636eb423c2a8df9ad010ff1261",
          "version": "0.1.4"
        }
      }
    ]
  },
  "version": 1
}
